
Microsoft Visual Studio Solution File, Format Version 12.00
# Visual Studio Version 17
VisualStudioVersion = 17.2.32616.157
MinimumVisualStudioVersion = 10.0.40219.1
Project("{8BC9CEB8-8B4A-11D0-8D11-00A0C91BC942}") = "2", "2\2.vcxproj", "{7FF67D10-1CA6-476C-85C4-D3D7D2EC20DA}"
EndProject
Global
	GlobalSection(SolutionConfigurationPlatforms) = preSolution
		Debug|x64 = Debug|x64
		Debug|x86 = Debug|x86
		Release|x64 = Release|x64
		Release|x86 = Release|x86
	EndGlobalSection
	GlobalSection(ProjectConfigurationPlatforms) = postSolution
		{7FF67D10-1CA6-476C-85C4-D3D7D2EC20DA}.Debug|x64.ActiveCfg = Debug|x64
		{7FF67D10-1CA6-476C-85C4-D3D7D2EC20DA}.Debug|x64.Build.0 = Debug|x64
		{7FF67D10-1CA6-476C-85C4-D3D7D2EC20DA}.Debug|x86.ActiveCfg = Debug|Win32
		{7FF67D10-1CA6-476C-85C4-D3D7D2EC20DA}.Debug|x86.Build.0 = Debug|Win32
		{7FF67D10-1CA6-476C-85C4-D3D7D2EC20DA}.Release|x64.ActiveCfg = Release|x64
		{7FF67D10-1CA6-476C-85C4-D3D7D2EC20DA}.Release|x64.Build.0 = Release|x64
		{7FF67D10-1CA6-476C-85C4-D3D7D2EC20DA}.Release|x86.ActiveCfg = Release|Win32
		{7FF67D10-1CA6-476C-85C4-D3D7D2EC20DA}.Release|x86.Build.0 = Release|Win32
	EndGlobalSection
	GlobalSection(SolutionProperties) = preSolution
		HideSolutionNode = FALSE
	EndGlobalSection
	GlobalSection(ExtensibilityGlobals) = postSolution
		SolutionGuid = {951BAFF9-831B-4413-A3F3-0F4F2FC7EAF6}
	EndGlobalSection
EndGlobal
